// !$*UTF8*$!
{
	archiveVersion = 1;
	classes = {
	};
	objectVersion = 46;
	objects = {

/* Begin PBXBuildFile section */
		020446441BBE764000007613 /* OutputData.cpp in Sources */ = {isa = PBXBuildFile; fileRef = 020446421BBE764000007613 /* OutputData.cpp */; };
		0261659B1BC6630A003D5D20 /* CalcAxisHalf.cpp in Sources */ = {isa = PBXBuildFile; fileRef = 026165991BC6630A003D5D20 /* CalcAxisHalf.cpp */; };
		026165A51BC66A78003D5D20 /* CalcDeviation.cpp in Sources */ = {isa = PBXBuildFile; fileRef = 026165A31BC66A78003D5D20 /* CalcDeviation.cpp */; };
		026165A81BC7A6E8003D5D20 /* CalcDeviationHalf.cpp in Sources */ = {isa = PBXBuildFile; fileRef = 026165A61BC7A6E8003D5D20 /* CalcDeviationHalf.cpp */; };
		029CF17F1B8577CA008AB649 /* main.cpp in Sources */ = {isa = PBXBuildFile; fileRef = 029CF17E1B8577CA008AB649 /* main.cpp */; };
		02A0723F1BB7F7AB0047A6C2 /* main.cpp in Sources */ = {isa = PBXBuildFile; fileRef = 02A0723E1BB7F7AB0047A6C2 /* main.cpp */; };
		02A072431BB7FCA30047A6C2 /* libopencv_calib3d.dylib in Frameworks */ = {isa = PBXBuildFile; fileRef = 02EB3ADA1B9319F7009A46FA /* libopencv_calib3d.dylib */; };
		02A072441BB7FCA60047A6C2 /* libopencv_video.dylib in Frameworks */ = {isa = PBXBuildFile; fileRef = 02E6CEE21B82F7DA00BF2959 /* libopencv_video.dylib */; };
		02A072451BB7FCA90047A6C2 /* libopencv_imgproc.dylib in Frameworks */ = {isa = PBXBuildFile; fileRef = 02E6CEE01B82F63F00BF2959 /* libopencv_imgproc.dylib */; };
		02A072461BB7FCAC0047A6C2 /* libopencv_highgui.dylib in Frameworks */ = {isa = PBXBuildFile; fileRef = 02E6CEDE1B82F63C00BF2959 /* libopencv_highgui.dylib */; };
		02A072471BB7FCAF0047A6C2 /* libopencv_core.dylib in Frameworks */ = {isa = PBXBuildFile; fileRef = 02E6CEDC1B82F63100BF2959 /* libopencv_core.dylib */; };
		02A072481BBE39550047A6C2 /* CalcAxis.cpp in Sources */ = {isa = PBXBuildFile; fileRef = 025A0CAE1BB23BB20008221F /* CalcAxis.cpp */; };
		02A0724A1BBE39C20047A6C2 /* libopencv_calib3d.dylib in Frameworks */ = {isa = PBXBuildFile; fileRef = 02EB3ADA1B9319F7009A46FA /* libopencv_calib3d.dylib */; };
		02A0724B1BBE3B590047A6C2 /* libopencv_calib3d.dylib in Frameworks */ = {isa = PBXBuildFile; fileRef = 02EB3ADA1B9319F7009A46FA /* libopencv_calib3d.dylib */; };
		02A0724C1BBE3B680047A6C2 /* libopencv_imgproc.dylib in Frameworks */ = {isa = PBXBuildFile; fileRef = 02E6CEE01B82F63F00BF2959 /* libopencv_imgproc.dylib */; };
		02A0724D1BBE3B6C0047A6C2 /* libopencv_highgui.dylib in Frameworks */ = {isa = PBXBuildFile; fileRef = 02E6CEDE1B82F63C00BF2959 /* libopencv_highgui.dylib */; };
		02A0724E1BBE3B6F0047A6C2 /* libopencv_core.dylib in Frameworks */ = {isa = PBXBuildFile; fileRef = 02E6CEDC1B82F63100BF2959 /* libopencv_core.dylib */; };
		02A0724F1BBE3B810047A6C2 /* libopencv_video.dylib in Frameworks */ = {isa = PBXBuildFile; fileRef = 02E6CEE21B82F7DA00BF2959 /* libopencv_video.dylib */; };
		02C3CFFC1BDF5DDE00F9573B /* main.cpp in Sources */ = {isa = PBXBuildFile; fileRef = 02C3CFFB1BDF5DDE00F9573B /* main.cpp */; };
		02C3D0001BDF60D100F9573B /* libopencv_imgproc.dylib in Frameworks */ = {isa = PBXBuildFile; fileRef = 02E6CEE01B82F63F00BF2959 /* libopencv_imgproc.dylib */; };
		02C3D0011BDF60D400F9573B /* libopencv_highgui.dylib in Frameworks */ = {isa = PBXBuildFile; fileRef = 02E6CEDE1B82F63C00BF2959 /* libopencv_highgui.dylib */; };
		02C3D0021BDF60D800F9573B /* libopencv_core.dylib in Frameworks */ = {isa = PBXBuildFile; fileRef = 02E6CEDC1B82F63100BF2959 /* libopencv_core.dylib */; };
		02C3D0041BDF60FA00F9573B /* libopencv_video.dylib in Frameworks */ = {isa = PBXBuildFile; fileRef = 02E6CEE21B82F7DA00BF2959 /* libopencv_video.dylib */; };
		02C574F71BD34D4B00E70498 /* CalcDeviationQuarter.cpp in Sources */ = {isa = PBXBuildFile; fileRef = 02C574F51BD34D4B00E70498 /* CalcDeviationQuarter.cpp */; };
		02C575001BD8742300E70498 /* Configure.cpp in Sources */ = {isa = PBXBuildFile; fileRef = 02C574FE1BD8742300E70498 /* Configure.cpp */; };
		02C575031BD8A55300E70498 /* process.cpp in Sources */ = {isa = PBXBuildFile; fileRef = 02C575011BD8A55300E70498 /* process.cpp */; };
		02C575071BD8ADAB00E70498 /* Calculator.cpp in Sources */ = {isa = PBXBuildFile; fileRef = 02C575051BD8ADAB00E70498 /* Calculator.cpp */; };
		02C5750A1BDA031900E70498 /* RemoveNoise.cpp in Sources */ = {isa = PBXBuildFile; fileRef = 02C575081BDA031900E70498 /* RemoveNoise.cpp */; };
		02CA31E71BEC845D00A8A6DB /* libopencv_calib3d.dylib in Frameworks */ = {isa = PBXBuildFile; fileRef = 02EB3ADA1B9319F7009A46FA /* libopencv_calib3d.dylib */; };
		02CA31E81BF078B800A8A6DB /* RemoveNoise.cpp in Sources */ = {isa = PBXBuildFile; fileRef = 02C575081BDA031900E70498 /* RemoveNoise.cpp */; };
		02E6CED61B82F4C600BF2959 /* main.cpp in Sources */ = {isa = PBXBuildFile; fileRef = 02E6CED51B82F4C600BF2959 /* main.cpp */; };
		02E6CEDD1B82F63100BF2959 /* libopencv_core.dylib in Frameworks */ = {isa = PBXBuildFile; fileRef = 02E6CEDC1B82F63100BF2959 /* libopencv_core.dylib */; };
		02E6CEDF1B82F63C00BF2959 /* libopencv_highgui.dylib in Frameworks */ = {isa = PBXBuildFile; fileRef = 02E6CEDE1B82F63C00BF2959 /* libopencv_highgui.dylib */; };
		02E6CEE11B82F63F00BF2959 /* libopencv_imgproc.dylib in Frameworks */ = {isa = PBXBuildFile; fileRef = 02E6CEE01B82F63F00BF2959 /* libopencv_imgproc.dylib */; };
		02E6CEE31B82F7DA00BF2959 /* libopencv_video.dylib in Frameworks */ = {isa = PBXBuildFile; fileRef = 02E6CEE21B82F7DA00BF2959 /* libopencv_video.dylib */; };
		02E6CEEB1B82FEF400BF2959 /* main.cpp in Sources */ = {isa = PBXBuildFile; fileRef = 02E6CEEA1B82FEF400BF2959 /* main.cpp */; };
		02E6CEEF1B82FF2500BF2959 /* libopencv_video.dylib in Frameworks */ = {isa = PBXBuildFile; fileRef = 02E6CEE21B82F7DA00BF2959 /* libopencv_video.dylib */; };
		02E6CEF01B82FF2800BF2959 /* libopencv_imgproc.dylib in Frameworks */ = {isa = PBXBuildFile; fileRef = 02E6CEE01B82F63F00BF2959 /* libopencv_imgproc.dylib */; };
		02E6CEF11B82FF2B00BF2959 /* libopencv_highgui.dylib in Frameworks */ = {isa = PBXBuildFile; fileRef = 02E6CEDE1B82F63C00BF2959 /* libopencv_highgui.dylib */; };
		02E6CEF21B82FF2E00BF2959 /* libopencv_core.dylib in Frameworks */ = {isa = PBXBuildFile; fileRef = 02E6CEDC1B82F63100BF2959 /* libopencv_core.dylib */; };
		02E6CEFA1B830C3100BF2959 /* main.cpp in Sources */ = {isa = PBXBuildFile; fileRef = 02E6CEF91B830C3100BF2959 /* main.cpp */; };
		02E6CEFE1B830EC100BF2959 /* libopencv_video.dylib in Frameworks */ = {isa = PBXBuildFile; fileRef = 02E6CEE21B82F7DA00BF2959 /* libopencv_video.dylib */; };
		02E6CEFF1B830EC500BF2959 /* libopencv_imgproc.dylib in Frameworks */ = {isa = PBXBuildFile; fileRef = 02E6CEE01B82F63F00BF2959 /* libopencv_imgproc.dylib */; };
		02E6CF001B830EC900BF2959 /* libopencv_highgui.dylib in Frameworks */ = {isa = PBXBuildFile; fileRef = 02E6CEDE1B82F63C00BF2959 /* libopencv_highgui.dylib */; };
		02E6CF011B830ECD00BF2959 /* libopencv_core.dylib in Frameworks */ = {isa = PBXBuildFile; fileRef = 02E6CEDC1B82F63100BF2959 /* libopencv_core.dylib */; };
		02EB3AE31B9338B0009A46FA /* main.cpp in Sources */ = {isa = PBXBuildFile; fileRef = 02EB3AE21B9338B0009A46FA /* main.cpp */; };
		02EB3AE71B934FBB009A46FA /* libopencv_core.dylib in Frameworks */ = {isa = PBXBuildFile; fileRef = 02E6CEDC1B82F63100BF2959 /* libopencv_core.dylib */; };
		02EB3AE81B934FC1009A46FA /* libopencv_calib3d.dylib in Frameworks */ = {isa = PBXBuildFile; fileRef = 02EB3ADA1B9319F7009A46FA /* libopencv_calib3d.dylib */; };
		02EB3AE91B934FC1009A46FA /* libopencv_video.dylib in Frameworks */ = {isa = PBXBuildFile; fileRef = 02E6CEE21B82F7DA00BF2959 /* libopencv_video.dylib */; };
		02EB3AEA1B934FC1009A46FA /* libopencv_imgproc.dylib in Frameworks */ = {isa = PBXBuildFile; fileRef = 02E6CEE01B82F63F00BF2959 /* libopencv_imgproc.dylib */; };
		02EB3AEB1B934FC1009A46FA /* libopencv_highgui.dylib in Frameworks */ = {isa = PBXBuildFile; fileRef = 02E6CEDE1B82F63C00BF2959 /* libopencv_highgui.dylib */; };
/* End PBXBuildFile section */

/* Begin PBXCopyFilesBuildPhase section */
		029CF17A1B8577CA008AB649 /* CopyFiles */ = {
			isa = PBXCopyFilesBuildPhase;
			buildActionMask = 2147483647;
			dstPath = /usr/share/man/man1/;
			dstSubfolderSpec = 0;
			files = (
			);
			runOnlyForDeploymentPostprocessing = 1;
		};
		02A0723A1BB7F7AA0047A6C2 /* CopyFiles */ = {
			isa = PBXCopyFilesBuildPhase;
			buildActionMask = 2147483647;
			dstPath = /usr/share/man/man1/;
			dstSubfolderSpec = 0;
			files = (
			);
			runOnlyForDeploymentPostprocessing = 1;
		};
		02C3CFF71BDF5DDE00F9573B /* CopyFiles */ = {
			isa = PBXCopyFilesBuildPhase;
			buildActionMask = 2147483647;
			dstPath = /usr/share/man/man1/;
			dstSubfolderSpec = 0;
			files = (
			);
			runOnlyForDeploymentPostprocessing = 1;
		};
		02E6CED01B82F4C600BF2959 /* Copy Files */ = {
			isa = PBXCopyFilesBuildPhase;
			buildActionMask = 2147483647;
			dstPath = /usr/share/man/man1/;
			dstSubfolderSpec = 0;
			files = (
			);
			name = "Copy Files";
			runOnlyForDeploymentPostprocessing = 1;
		};
		02E6CEE61B82FEF400BF2959 /* CopyFiles */ = {
			isa = PBXCopyFilesBuildPhase;
			buildActionMask = 2147483647;
			dstPath = /usr/share/man/man1/;
			dstSubfolderSpec = 0;
			files = (
			);
			runOnlyForDeploymentPostprocessing = 1;
		};
		02E6CEF51B830C3100BF2959 /* CopyFiles */ = {
			isa = PBXCopyFilesBuildPhase;
			buildActionMask = 2147483647;
			dstPath = /usr/share/man/man1/;
			dstSubfolderSpec = 0;
			files = (
			);
			runOnlyForDeploymentPostprocessing = 1;
		};
		02EB3ADE1B9338B0009A46FA /* CopyFiles */ = {
			isa = PBXCopyFilesBuildPhase;
			buildActionMask = 2147483647;
			dstPath = /usr/share/man/man1/;
			dstSubfolderSpec = 0;
			files = (
			);
			runOnlyForDeploymentPostprocessing = 1;
		};
/* End PBXCopyFilesBuildPhase section */

/* Begin PBXFileReference section */
		020446421BBE764000007613 /* OutputData.cpp */ = {isa = PBXFileReference; fileEncoding = 4; lastKnownFileType = sourcecode.cpp.cpp; path = OutputData.cpp; sourceTree = "<group>"; };
		020446431BBE764000007613 /* OutputData.hpp */ = {isa = PBXFileReference; fileEncoding = 4; lastKnownFileType = sourcecode.cpp.h; path = OutputData.hpp; sourceTree = "<group>"; };
		025A0CA31BA289F80008221F /* CalcAxisOld.cpp */ = {isa = PBXFileReference; fileEncoding = 4; lastKnownFileType = sourcecode.cpp.cpp; name = CalcAxisOld.cpp; path = CameraCalibration/CalcAxisOld.cpp; sourceTree = "<group>"; };
		025A0CA41BA289F80008221F /* CalcAxisOld.h */ = {isa = PBXFileReference; fileEncoding = 4; lastKnownFileType = sourcecode.c.h; name = CalcAxisOld.h; path = CameraCalibration/CalcAxisOld.h; sourceTree = "<group>"; };
		025A0CAA1BB122800008221F /* RemoveNoise.cpp */ = {isa = PBXFileReference; fileEncoding = 4; lastKnownFileType = sourcecode.cpp.cpp; path = RemoveNoise.cpp; sourceTree = "<group>"; };
		025A0CAB1BB122800008221F /* RemoveNoise.h */ = {isa = PBXFileReference; fileEncoding = 4; lastKnownFileType = sourcecode.c.h; path = RemoveNoise.h; sourceTree = "<group>"; };
		025A0CAE1BB23BB20008221F /* CalcAxis.cpp */ = {isa = PBXFileReference; fileEncoding = 4; lastKnownFileType = sourcecode.cpp.cpp; path = CalcAxis.cpp; sourceTree = "<group>"; };
		025A0CAF1BB23BB20008221F /* CalcAxis.h */ = {isa = PBXFileReference; fileEncoding = 4; lastKnownFileType = sourcecode.c.h; path = CalcAxis.h; sourceTree = "<group>"; };
		026165991BC6630A003D5D20 /* CalcAxisHalf.cpp */ = {isa = PBXFileReference; fileEncoding = 4; lastKnownFileType = sourcecode.cpp.cpp; name = CalcAxisHalf.cpp; path = CalcAxis/CalcAxisHalf.cpp; sourceTree = "<group>"; };
		0261659A1BC6630A003D5D20 /* CalcAxisHalf.hpp */ = {isa = PBXFileReference; fileEncoding = 4; lastKnownFileType = sourcecode.cpp.h; name = CalcAxisHalf.hpp; path = CalcAxis/CalcAxisHalf.hpp; sourceTree = "<group>"; };
		026165A31BC66A78003D5D20 /* CalcDeviation.cpp */ = {isa = PBXFileReference; fileEncoding = 4; lastKnownFileType = sourcecode.cpp.cpp; name = CalcDeviation.cpp; path = CalcDeviation/CalcDeviation.cpp; sourceTree = "<group>"; };
		026165A41BC66A78003D5D20 /* CalcDeviation.hpp */ = {isa = PBXFileReference; fileEncoding = 4; lastKnownFileType = sourcecode.cpp.h; name = CalcDeviation.hpp; path = CalcDeviation/CalcDeviation.hpp; sourceTree = "<group>"; };
		026165A61BC7A6E8003D5D20 /* CalcDeviationHalf.cpp */ = {isa = PBXFileReference; fileEncoding = 4; lastKnownFileType = sourcecode.cpp.cpp; name = CalcDeviationHalf.cpp; path = CalcDeviation/CalcDeviationHalf.cpp; sourceTree = "<group>"; };
		026165A71BC7A6E8003D5D20 /* CalcDeviationHalf.hpp */ = {isa = PBXFileReference; fileEncoding = 4; lastKnownFileType = sourcecode.cpp.h; name = CalcDeviationHalf.hpp; path = CalcDeviation/CalcDeviationHalf.hpp; sourceTree = "<group>"; };
		029CF17C1B8577CA008AB649 /* ShowOpticalFlowMovie */ = {isa = PBXFileReference; explicitFileType = "compiled.mach-o.executable"; includeInIndex = 0; path = ShowOpticalFlowMovie; sourceTree = BUILT_PRODUCTS_DIR; };
		029CF17E1B8577CA008AB649 /* main.cpp */ = {isa = PBXFileReference; lastKnownFileType = sourcecode.cpp.cpp; path = main.cpp; sourceTree = "<group>"; };
		02A0723C1BB7F7AA0047A6C2 /* CalibrationTest */ = {isa = PBXFileReference; explicitFileType = "compiled.mach-o.executable"; includeInIndex = 0; path = CalibrationTest; sourceTree = BUILT_PRODUCTS_DIR; };
		02A0723E1BB7F7AB0047A6C2 /* main.cpp */ = {isa = PBXFileReference; lastKnownFileType = sourcecode.cpp.cpp; path = main.cpp; sourceTree = "<group>"; };
		02C3CFF91BDF5DDE00F9573B /* Test */ = {isa = PBXFileReference; explicitFileType = "compiled.mach-o.executable"; includeInIndex = 0; path = Test; sourceTree = BUILT_PRODUCTS_DIR; };
		02C3CFFB1BDF5DDE00F9573B /* main.cpp */ = {isa = PBXFileReference; lastKnownFileType = sourcecode.cpp.cpp; path = main.cpp; sourceTree = "<group>"; };
		02C574F51BD34D4B00E70498 /* CalcDeviationQuarter.cpp */ = {isa = PBXFileReference; fileEncoding = 4; lastKnownFileType = sourcecode.cpp.cpp; name = CalcDeviationQuarter.cpp; path = CalcDeviation/CalcDeviationQuarter.cpp; sourceTree = "<group>"; };
		02C574F61BD34D4B00E70498 /* CalcDeviationQuarter.hpp */ = {isa = PBXFileReference; fileEncoding = 4; lastKnownFileType = sourcecode.cpp.h; name = CalcDeviationQuarter.hpp; path = CalcDeviation/CalcDeviationQuarter.hpp; sourceTree = "<group>"; };
		02C574FE1BD8742300E70498 /* Configure.cpp */ = {isa = PBXFileReference; fileEncoding = 4; lastKnownFileType = sourcecode.cpp.cpp; name = Configure.cpp; path = Configure/Configure.cpp; sourceTree = "<group>"; };
		02C574FF1BD8742300E70498 /* Configure.hpp */ = {isa = PBXFileReference; fileEncoding = 4; lastKnownFileType = sourcecode.cpp.h; name = Configure.hpp; path = Configure/Configure.hpp; sourceTree = "<group>"; };
		02C575011BD8A55300E70498 /* process.cpp */ = {isa = PBXFileReference; fileEncoding = 4; lastKnownFileType = sourcecode.cpp.cpp; path = process.cpp; sourceTree = "<group>"; };
		02C575021BD8A55300E70498 /* process.hpp */ = {isa = PBXFileReference; fileEncoding = 4; lastKnownFileType = sourcecode.cpp.h; path = process.hpp; sourceTree = "<group>"; };
		02C575051BD8ADAB00E70498 /* Calculator.cpp */ = {isa = PBXFileReference; fileEncoding = 4; lastKnownFileType = sourcecode.cpp.cpp; name = Calculator.cpp; path = Calculator/Calculator.cpp; sourceTree = "<group>"; };
		02C575061BD8ADAB00E70498 /* Calculator.hpp */ = {isa = PBXFileReference; fileEncoding = 4; lastKnownFileType = sourcecode.cpp.h; name = Calculator.hpp; path = Calculator/Calculator.hpp; sourceTree = "<group>"; };
		02C575081BDA031900E70498 /* RemoveNoise.cpp */ = {isa = PBXFileReference; fileEncoding = 4; lastKnownFileType = sourcecode.cpp.cpp; name = RemoveNoise.cpp; path = RemoveNoise/RemoveNoise.cpp; sourceTree = "<group>"; };
		02C575091BDA031900E70498 /* RemoveNoise.hpp */ = {isa = PBXFileReference; fileEncoding = 4; lastKnownFileType = sourcecode.cpp.h; name = RemoveNoise.hpp; path = RemoveNoise/RemoveNoise.hpp; sourceTree = "<group>"; };
		02E6CED21B82F4C600BF2959 /* AxisOfRotation */ = {isa = PBXFileReference; explicitFileType = "compiled.mach-o.executable"; includeInIndex = 0; path = AxisOfRotation; sourceTree = BUILT_PRODUCTS_DIR; };
		02E6CED51B82F4C600BF2959 /* main.cpp */ = {isa = PBXFileReference; lastKnownFileType = sourcecode.cpp.cpp; path = main.cpp; sourceTree = "<group>"; };
		02E6CEDC1B82F63100BF2959 /* libopencv_core.dylib */ = {isa = PBXFileReference; lastKnownFileType = "compiled.mach-o.dylib"; name = libopencv_core.dylib; path = ../../../../../../usr/local/Cellar/opencv/2.4.11_2/lib/libopencv_core.dylib; sourceTree = "<group>"; };
		02E6CEDE1B82F63C00BF2959 /* libopencv_highgui.dylib */ = {isa = PBXFileReference; lastKnownFileType = "compiled.mach-o.dylib"; name = libopencv_highgui.dylib; path = ../../../../../../usr/local/Cellar/opencv/2.4.11_2/lib/libopencv_highgui.dylib; sourceTree = "<group>"; };
		02E6CEE01B82F63F00BF2959 /* libopencv_imgproc.dylib */ = {isa = PBXFileReference; lastKnownFileType = "compiled.mach-o.dylib"; name = libopencv_imgproc.dylib; path = ../../../../../../usr/local/Cellar/opencv/2.4.11_2/lib/libopencv_imgproc.dylib; sourceTree = "<group>"; };
		02E6CEE21B82F7DA00BF2959 /* libopencv_video.dylib */ = {isa = PBXFileReference; lastKnownFileType = "compiled.mach-o.dylib"; name = libopencv_video.dylib; path = ../../../../../../usr/local/Cellar/opencv/2.4.11_2/lib/libopencv_video.dylib; sourceTree = "<group>"; };
		02E6CEE81B82FEF400BF2959 /* ShowOpticalFlowImage */ = {isa = PBXFileReference; explicitFileType = "compiled.mach-o.executable"; includeInIndex = 0; path = ShowOpticalFlowImage; sourceTree = BUILT_PRODUCTS_DIR; };
		02E6CEEA1B82FEF400BF2959 /* main.cpp */ = {isa = PBXFileReference; lastKnownFileType = sourcecode.cpp.cpp; path = main.cpp; sourceTree = "<group>"; };
		02E6CEF71B830C3100BF2959 /* CaptureImage */ = {isa = PBXFileReference; explicitFileType = "compiled.mach-o.executable"; includeInIndex = 0; path = CaptureImage; sourceTree = BUILT_PRODUCTS_DIR; };
		02E6CEF91B830C3100BF2959 /* main.cpp */ = {isa = PBXFileReference; lastKnownFileType = sourcecode.cpp.cpp; path = main.cpp; sourceTree = "<group>"; };
		02EB3ADA1B9319F7009A46FA /* libopencv_calib3d.dylib */ = {isa = PBXFileReference; lastKnownFileType = "compiled.mach-o.dylib"; name = libopencv_calib3d.dylib; path = ../../../../../../usr/local/Cellar/opencv/2.4.11_2/lib/libopencv_calib3d.dylib; sourceTree = "<group>"; };
		02EB3AE01B9338B0009A46FA /* ShowCalibratedOpticalFlow */ = {isa = PBXFileReference; explicitFileType = "compiled.mach-o.executable"; includeInIndex = 0; path = ShowCalibratedOpticalFlow; sourceTree = BUILT_PRODUCTS_DIR; };
		02EB3AE21B9338B0009A46FA /* main.cpp */ = {isa = PBXFileReference; lastKnownFileType = sourcecode.cpp.cpp; path = main.cpp; sourceTree = "<group>"; };
/* End PBXFileReference section */

/* Begin PBXFrameworksBuildPhase section */
		029CF1791B8577CA008AB649 /* Frameworks */ = {
			isa = PBXFrameworksBuildPhase;
			buildActionMask = 2147483647;
			files = (
				02A0724C1BBE3B680047A6C2 /* libopencv_imgproc.dylib in Frameworks */,
				02A0724E1BBE3B6F0047A6C2 /* libopencv_core.dylib in Frameworks */,
				02A0724D1BBE3B6C0047A6C2 /* libopencv_highgui.dylib in Frameworks */,
				02A0724F1BBE3B810047A6C2 /* libopencv_video.dylib in Frameworks */,
			);
			runOnlyForDeploymentPostprocessing = 0;
		};
		02A072391BB7F7AA0047A6C2 /* Frameworks */ = {
			isa = PBXFrameworksBuildPhase;
			buildActionMask = 2147483647;
			files = (
				02A072451BB7FCA90047A6C2 /* libopencv_imgproc.dylib in Frameworks */,
				02A072471BB7FCAF0047A6C2 /* libopencv_core.dylib in Frameworks */,
				02A072431BB7FCA30047A6C2 /* libopencv_calib3d.dylib in Frameworks */,
				02A072441BB7FCA60047A6C2 /* libopencv_video.dylib in Frameworks */,
				02A072461BB7FCAC0047A6C2 /* libopencv_highgui.dylib in Frameworks */,
			);
			runOnlyForDeploymentPostprocessing = 0;
		};
		02C3CFF61BDF5DDE00F9573B /* Frameworks */ = {
			isa = PBXFrameworksBuildPhase;
			buildActionMask = 2147483647;
			files = (
				02C3D0001BDF60D100F9573B /* libopencv_imgproc.dylib in Frameworks */,
				02CA31E71BEC845D00A8A6DB /* libopencv_calib3d.dylib in Frameworks */,
				02C3D0021BDF60D800F9573B /* libopencv_core.dylib in Frameworks */,
				02C3D0011BDF60D400F9573B /* libopencv_highgui.dylib in Frameworks */,
				02C3D0041BDF60FA00F9573B /* libopencv_video.dylib in Frameworks */,
			);
			runOnlyForDeploymentPostprocessing = 0;
		};
		02E6CECF1B82F4C600BF2959 /* Frameworks */ = {
			isa = PBXFrameworksBuildPhase;
			buildActionMask = 2147483647;
			files = (
				02E6CEE31B82F7DA00BF2959 /* libopencv_video.dylib in Frameworks */,
				02A0724A1BBE39C20047A6C2 /* libopencv_calib3d.dylib in Frameworks */,
				02E6CEDD1B82F63100BF2959 /* libopencv_core.dylib in Frameworks */,
				02E6CEDF1B82F63C00BF2959 /* libopencv_highgui.dylib in Frameworks */,
				02E6CEE11B82F63F00BF2959 /* libopencv_imgproc.dylib in Frameworks */,
			);
			runOnlyForDeploymentPostprocessing = 0;
		};
		02E6CEE51B82FEF400BF2959 /* Frameworks */ = {
			isa = PBXFrameworksBuildPhase;
			buildActionMask = 2147483647;
			files = (
				02E6CEF21B82FF2E00BF2959 /* libopencv_core.dylib in Frameworks */,
				02A0724B1BBE3B590047A6C2 /* libopencv_calib3d.dylib in Frameworks */,
				02E6CEEF1B82FF2500BF2959 /* libopencv_video.dylib in Frameworks */,
				02E6CEF01B82FF2800BF2959 /* libopencv_imgproc.dylib in Frameworks */,
				02E6CEF11B82FF2B00BF2959 /* libopencv_highgui.dylib in Frameworks */,
			);
			runOnlyForDeploymentPostprocessing = 0;
		};
		02E6CEF41B830C3100BF2959 /* Frameworks */ = {
			isa = PBXFrameworksBuildPhase;
			buildActionMask = 2147483647;
			files = (
				02E6CF011B830ECD00BF2959 /* libopencv_core.dylib in Frameworks */,
				02E6CEFE1B830EC100BF2959 /* libopencv_video.dylib in Frameworks */,
				02E6CEFF1B830EC500BF2959 /* libopencv_imgproc.dylib in Frameworks */,
				02E6CF001B830EC900BF2959 /* libopencv_highgui.dylib in Frameworks */,
			);
			runOnlyForDeploymentPostprocessing = 0;
		};
		02EB3ADD1B9338B0009A46FA /* Frameworks */ = {
			isa = PBXFrameworksBuildPhase;
			buildActionMask = 2147483647;
			files = (
				02EB3AE81B934FC1009A46FA /* libopencv_calib3d.dylib in Frameworks */,
				02EB3AE71B934FBB009A46FA /* libopencv_core.dylib in Frameworks */,
				02EB3AE91B934FC1009A46FA /* libopencv_video.dylib in Frameworks */,
				02EB3AEB1B934FC1009A46FA /* libopencv_highgui.dylib in Frameworks */,
				02EB3AEA1B934FC1009A46FA /* libopencv_imgproc.dylib in Frameworks */,
			);
			runOnlyForDeploymentPostprocessing = 0;
		};
/* End PBXFrameworksBuildPhase section */

/* Begin PBXGroup section */
		020446411BBE74B600007613 /* OutputData */ = {
			isa = PBXGroup;
			children = (
				020446421BBE764000007613 /* OutputData.cpp */,
				020446431BBE764000007613 /* OutputData.hpp */,
			);
			name = OutputData;
			sourceTree = "<group>";
		};
		025A0CA91BB121D30008221F /* RemoveNoise */ = {
			isa = PBXGroup;
			children = (
				02C575081BDA031900E70498 /* RemoveNoise.cpp */,
				02C575091BDA031900E70498 /* RemoveNoise.hpp */,
			);
			name = RemoveNoise;
			sourceTree = "<group>";
		};
		025A0CAD1BB23B880008221F /* CalcDeviation */ = {
			isa = PBXGroup;
			children = (
				026165A31BC66A78003D5D20 /* CalcDeviation.cpp */,
				026165A41BC66A78003D5D20 /* CalcDeviation.hpp */,
				026165A61BC7A6E8003D5D20 /* CalcDeviationHalf.cpp */,
				026165A71BC7A6E8003D5D20 /* CalcDeviationHalf.hpp */,
				02C574F51BD34D4B00E70498 /* CalcDeviationQuarter.cpp */,
				02C574F61BD34D4B00E70498 /* CalcDeviationQuarter.hpp */,
			);
			name = CalcDeviation;
			sourceTree = "<group>";
		};
		029CF17D1B8577CA008AB649 /* ShowOpticalFlowMovie */ = {
			isa = PBXGroup;
			children = (
				029CF17E1B8577CA008AB649 /* main.cpp */,
			);
			path = ShowOpticalFlowMovie;
			sourceTree = "<group>";
		};
		02A0723D1BB7F7AA0047A6C2 /* CalibrationTest */ = {
			isa = PBXGroup;
			children = (
				02A0723E1BB7F7AB0047A6C2 /* main.cpp */,
			);
			path = CalibrationTest;
			sourceTree = "<group>";
		};
		02C3CFFA1BDF5DDE00F9573B /* Test */ = {
			isa = PBXGroup;
			children = (
				02C3CFFB1BDF5DDE00F9573B /* main.cpp */,
			);
			path = Test;
			sourceTree = "<group>";
		};
		02C574F81BD6118000E70498 /* Old files */ = {
			isa = PBXGroup;
			children = (
				025A0CAA1BB122800008221F /* RemoveNoise.cpp */,
				025A0CAB1BB122800008221F /* RemoveNoise.h */,
				025A0CA31BA289F80008221F /* CalcAxisOld.cpp */,
				025A0CA41BA289F80008221F /* CalcAxisOld.h */,
				025A0CAE1BB23BB20008221F /* CalcAxis.cpp */,
				025A0CAF1BB23BB20008221F /* CalcAxis.h */,
				026165991BC6630A003D5D20 /* CalcAxisHalf.cpp */,
				0261659A1BC6630A003D5D20 /* CalcAxisHalf.hpp */,
			);
			name = "Old files";
			sourceTree = "<group>";
		};
		02C574FD1BD873F700E70498 /* Configure */ = {
			isa = PBXGroup;
			children = (
				02C574FE1BD8742300E70498 /* Configure.cpp */,
				02C574FF1BD8742300E70498 /* Configure.hpp */,
			);
			name = Configure;
			sourceTree = "<group>";
		};
		02C575041BD8AD7B00E70498 /* Calculator */ = {
			isa = PBXGroup;
			children = (
				02C575051BD8ADAB00E70498 /* Calculator.cpp */,
				02C575061BD8ADAB00E70498 /* Calculator.hpp */,
			);
			name = Calculator;
			sourceTree = "<group>";
		};
		02E6CEC91B82F4C600BF2959 = {
			isa = PBXGroup;
			children = (
				02EB3ADA1B9319F7009A46FA /* libopencv_calib3d.dylib */,
				02E6CEE21B82F7DA00BF2959 /* libopencv_video.dylib */,
				02E6CEE01B82F63F00BF2959 /* libopencv_imgproc.dylib */,
				02E6CEDE1B82F63C00BF2959 /* libopencv_highgui.dylib */,
				02E6CEDC1B82F63100BF2959 /* libopencv_core.dylib */,
				02E6CED41B82F4C600BF2959 /* AxisOfRotation */,
				02C3CFFA1BDF5DDE00F9573B /* Test */,
				02E6CEE91B82FEF400BF2959 /* ShowOpticalFlowImage */,
				02E6CEF81B830C3100BF2959 /* CaptureImage */,
				029CF17D1B8577CA008AB649 /* ShowOpticalFlowMovie */,
				02EB3AE11B9338B0009A46FA /* ShowCalibratedOpticalFlow */,
				02A0723D1BB7F7AA0047A6C2 /* CalibrationTest */,
				02C575041BD8AD7B00E70498 /* Calculator */,
				025A0CAD1BB23B880008221F /* CalcDeviation */,
				025A0CA91BB121D30008221F /* RemoveNoise */,
				020446411BBE74B600007613 /* OutputData */,
				02C574FD1BD873F700E70498 /* Configure */,
				02C574F81BD6118000E70498 /* Old files */,
				02E6CED31B82F4C600BF2959 /* Products */,
			);
			sourceTree = "<group>";
		};
		02E6CED31B82F4C600BF2959 /* Products */ = {
			isa = PBXGroup;
			children = (
				02E6CED21B82F4C600BF2959 /* AxisOfRotation */,
				02E6CEE81B82FEF400BF2959 /* ShowOpticalFlowImage */,
				02E6CEF71B830C3100BF2959 /* CaptureImage */,
				029CF17C1B8577CA008AB649 /* ShowOpticalFlowMovie */,
				02EB3AE01B9338B0009A46FA /* ShowCalibratedOpticalFlow */,
				02A0723C1BB7F7AA0047A6C2 /* CalibrationTest */,
				02C3CFF91BDF5DDE00F9573B /* Test */,
			);
			name = Products;
			sourceTree = "<group>";
		};
		02E6CED41B82F4C600BF2959 /* AxisOfRotation */ = {
			isa = PBXGroup;
			children = (
				02E6CED51B82F4C600BF2959 /* main.cpp */,
				02C575011BD8A55300E70498 /* process.cpp */,
				02C575021BD8A55300E70498 /* process.hpp */,
			);
			path = AxisOfRotation;
			sourceTree = "<group>";
		};
		02E6CEE91B82FEF400BF2959 /* ShowOpticalFlowImage */ = {
			isa = PBXGroup;
			children = (
				02E6CEEA1B82FEF400BF2959 /* main.cpp */,
			);
			name = ShowOpticalFlowImage;
			path = showOpticalFlow;
			sourceTree = "<group>";
		};
		02E6CEF81B830C3100BF2959 /* CaptureImage */ = {
			isa = PBXGroup;
			children = (
				02E6CEF91B830C3100BF2959 /* main.cpp */,
			);
			path = CaptureImage;
			sourceTree = "<group>";
		};
		02EB3AE11B9338B0009A46FA /* ShowCalibratedOpticalFlow */ = {
			isa = PBXGroup;
			children = (
				02EB3AE21B9338B0009A46FA /* main.cpp */,
			);
			name = ShowCalibratedOpticalFlow;
			path = PreCalibration;
			sourceTree = "<group>";
		};
/* End PBXGroup section */

/* Begin PBXNativeTarget section */
		029CF17B1B8577CA008AB649 /* ShowOpticalFlowMovie */ = {
			isa = PBXNativeTarget;
			buildConfigurationList = 029CF1821B8577CA008AB649 /* Build configuration list for PBXNativeTarget "ShowOpticalFlowMovie" */;
			buildPhases = (
				029CF1781B8577CA008AB649 /* Sources */,
				029CF1791B8577CA008AB649 /* Frameworks */,
				029CF17A1B8577CA008AB649 /* CopyFiles */,
			);
			buildRules = (
			);
			dependencies = (
			);
			name = ShowOpticalFlowMovie;
			productName = ShowOpticalFlowMovie;
			productReference = 029CF17C1B8577CA008AB649 /* ShowOpticalFlowMovie */;
			productType = "com.apple.product-type.tool";
		};
		02A0723B1BB7F7AA0047A6C2 /* CalibrationTest */ = {
			isa = PBXNativeTarget;
			buildConfigurationList = 02A072421BB7F7AB0047A6C2 /* Build configuration list for PBXNativeTarget "CalibrationTest" */;
			buildPhases = (
				02A072381BB7F7AA0047A6C2 /* Sources */,
				02A072391BB7F7AA0047A6C2 /* Frameworks */,
				02A0723A1BB7F7AA0047A6C2 /* CopyFiles */,
			);
			buildRules = (
			);
			dependencies = (
			);
			name = CalibrationTest;
			productName = CalibrationTest;
			productReference = 02A0723C1BB7F7AA0047A6C2 /* CalibrationTest */;
			productType = "com.apple.product-type.tool";
		};
		02C3CFF81BDF5DDE00F9573B /* Test */ = {
			isa = PBXNativeTarget;
			buildConfigurationList = 02C3CFFF1BDF5DDE00F9573B /* Build configuration list for PBXNativeTarget "Test" */;
			buildPhases = (
				02C3CFF51BDF5DDE00F9573B /* Sources */,
				02C3CFF61BDF5DDE00F9573B /* Frameworks */,
				02C3CFF71BDF5DDE00F9573B /* CopyFiles */,
			);
			buildRules = (
			);
			dependencies = (
			);
			name = Test;
			productName = Test;
			productReference = 02C3CFF91BDF5DDE00F9573B /* Test */;
			productType = "com.apple.product-type.tool";
		};
		02E6CED11B82F4C600BF2959 /* AxisOfRotation */ = {
			isa = PBXNativeTarget;
			buildConfigurationList = 02E6CED91B82F4C600BF2959 /* Build configuration list for PBXNativeTarget "AxisOfRotation" */;
			buildPhases = (
				02E6CECE1B82F4C600BF2959 /* Sources */,
				02E6CECF1B82F4C600BF2959 /* Frameworks */,
				02E6CED01B82F4C600BF2959 /* Copy Files */,
			);
			buildRules = (
			);
			dependencies = (
			);
			name = AxisOfRotation;
			productName = AxisOfRotation;
			productReference = 02E6CED21B82F4C600BF2959 /* AxisOfRotation */;
			productType = "com.apple.product-type.tool";
		};
		02E6CEE71B82FEF400BF2959 /* ShowOpticalFlowImage */ = {
			isa = PBXNativeTarget;
			buildConfigurationList = 02E6CEEC1B82FEF400BF2959 /* Build configuration list for PBXNativeTarget "ShowOpticalFlowImage" */;
			buildPhases = (
				02E6CEE41B82FEF400BF2959 /* Sources */,
				02E6CEE51B82FEF400BF2959 /* Frameworks */,
				02E6CEE61B82FEF400BF2959 /* CopyFiles */,
			);
			buildRules = (
			);
			dependencies = (
			);
			name = ShowOpticalFlowImage;
			productName = showOpticalFlow;
			productReference = 02E6CEE81B82FEF400BF2959 /* ShowOpticalFlowImage */;
			productType = "com.apple.product-type.tool";
		};
		02E6CEF61B830C3100BF2959 /* CaptureImage */ = {
			isa = PBXNativeTarget;
			buildConfigurationList = 02E6CEFB1B830C3100BF2959 /* Build configuration list for PBXNativeTarget "CaptureImage" */;
			buildPhases = (
				02E6CEF31B830C3100BF2959 /* Sources */,
				02E6CEF41B830C3100BF2959 /* Frameworks */,
				02E6CEF51B830C3100BF2959 /* CopyFiles */,
			);
			buildRules = (
			);
			dependencies = (
			);
			name = CaptureImage;
			productName = CaptureImage;
			productReference = 02E6CEF71B830C3100BF2959 /* CaptureImage */;
			productType = "com.apple.product-type.tool";
		};
		02EB3ADF1B9338B0009A46FA /* ShowCalibratedOpticalFlow */ = {
			isa = PBXNativeTarget;
			buildConfigurationList = 02EB3AE41B9338B0009A46FA /* Build configuration list for PBXNativeTarget "ShowCalibratedOpticalFlow" */;
			buildPhases = (
				02EB3ADC1B9338B0009A46FA /* Sources */,
				02EB3ADD1B9338B0009A46FA /* Frameworks */,
				02EB3ADE1B9338B0009A46FA /* CopyFiles */,
			);
			buildRules = (
			);
			dependencies = (
			);
			name = ShowCalibratedOpticalFlow;
			productName = PreCalibration;
			productReference = 02EB3AE01B9338B0009A46FA /* ShowCalibratedOpticalFlow */;
			productType = "com.apple.product-type.tool";
		};
/* End PBXNativeTarget section */

/* Begin PBXProject section */
		02E6CECA1B82F4C600BF2959 /* Project object */ = {
			isa = PBXProject;
			attributes = {
				LastUpgradeCheck = 0700;
				ORGANIZATIONNAME = masakazu;
				TargetAttributes = {
					029CF17B1B8577CA008AB649 = {
						CreatedOnToolsVersion = 6.4;
					};
					02A0723B1BB7F7AA0047A6C2 = {
						CreatedOnToolsVersion = 7.0;
					};
					02C3CFF81BDF5DDE00F9573B = {
						CreatedOnToolsVersion = 7.1;
					};
					02E6CED11B82F4C600BF2959 = {
						CreatedOnToolsVersion = 6.4;
					};
					02E6CEE71B82FEF400BF2959 = {
						CreatedOnToolsVersion = 6.4;
					};
					02E6CEF61B830C3100BF2959 = {
						CreatedOnToolsVersion = 6.4;
					};
					02EB3ADF1B9338B0009A46FA = {
						CreatedOnToolsVersion = 6.4;
					};
				};
			};
			buildConfigurationList = 02E6CECD1B82F4C600BF2959 /* Build configuration list for PBXProject "AxisOfRotation" */;
			compatibilityVersion = "Xcode 3.2";
			developmentRegion = English;
			hasScannedForEncodings = 0;
			knownRegions = (
				en,
			);
			mainGroup = 02E6CEC91B82F4C600BF2959;
			productRefGroup = 02E6CED31B82F4C600BF2959 /* Products */;
			projectDirPath = "";
			projectRoot = "";
			targets = (
				02E6CED11B82F4C600BF2959 /* AxisOfRotation */,
				02E6CEE71B82FEF400BF2959 /* ShowOpticalFlowImage */,
				02E6CEF61B830C3100BF2959 /* CaptureImage */,
				029CF17B1B8577CA008AB649 /* ShowOpticalFlowMovie */,
				02EB3ADF1B9338B0009A46FA /* ShowCalibratedOpticalFlow */,
				02A0723B1BB7F7AA0047A6C2 /* CalibrationTest */,
				02C3CFF81BDF5DDE00F9573B /* Test */,
			);
		};
/* End PBXProject section */

/* Begin PBXSourcesBuildPhase section */
		029CF1781B8577CA008AB649 /* Sources */ = {
			isa = PBXSourcesBuildPhase;
			buildActionMask = 2147483647;
			files = (
				029CF17F1B8577CA008AB649 /* main.cpp in Sources */,
			);
			runOnlyForDeploymentPostprocessing = 0;
		};
		02A072381BB7F7AA0047A6C2 /* Sources */ = {
			isa = PBXSourcesBuildPhase;
			buildActionMask = 2147483647;
			files = (
				02A0723F1BB7F7AB0047A6C2 /* main.cpp in Sources */,
			);
			runOnlyForDeploymentPostprocessing = 0;
		};
		02C3CFF51BDF5DDE00F9573B /* Sources */ = {
			isa = PBXSourcesBuildPhase;
			buildActionMask = 2147483647;
			files = (
				02CA31E81BF078B800A8A6DB /* RemoveNoise.cpp in Sources */,
				02C3CFFC1BDF5DDE00F9573B /* main.cpp in Sources */,
			);
			runOnlyForDeploymentPostprocessing = 0;
		};
		02E6CECE1B82F4C600BF2959 /* Sources */ = {
			isa = PBXSourcesBuildPhase;
			buildActionMask = 2147483647;
			files = (
				02C5750A1BDA031900E70498 /* RemoveNoise.cpp in Sources */,
				02C575031BD8A55300E70498 /* process.cpp in Sources */,
				026165A81BC7A6E8003D5D20 /* CalcDeviationHalf.cpp in Sources */,
				02C575071BD8ADAB00E70498 /* Calculator.cpp in Sources */,
				02E6CED61B82F4C600BF2959 /* main.cpp in Sources */,
				02C574F71BD34D4B00E70498 /* CalcDeviationQuarter.cpp in Sources */,
				020446441BBE764000007613 /* OutputData.cpp in Sources */,
				02A072481BBE39550047A6C2 /* CalcAxis.cpp in Sources */,
				0261659B1BC6630A003D5D20 /* CalcAxisHalf.cpp in Sources */,
				026165A51BC66A78003D5D20 /* CalcDeviation.cpp in Sources */,
				02C575001BD8742300E70498 /* Configure.cpp in Sources */,
			);
			runOnlyForDeploymentPostprocessing = 0;
		};
		02E6CEE41B82FEF400BF2959 /* Sources */ = {
			isa = PBXSourcesBuildPhase;
			buildActionMask = 2147483647;
			files = (
				02E6CEEB1B82FEF400BF2959 /* main.cpp in Sources */,
			);
			runOnlyForDeploymentPostprocessing = 0;
		};
		02E6CEF31B830C3100BF2959 /* Sources */ = {
			isa = PBXSourcesBuildPhase;
			buildActionMask = 2147483647;
			files = (
				02E6CEFA1B830C3100BF2959 /* main.cpp in Sources */,
			);
			runOnlyForDeploymentPostprocessing = 0;
		};
		02EB3ADC1B9338B0009A46FA /* Sources */ = {
			isa = PBXSourcesBuildPhase;
			buildActionMask = 2147483647;
			files = (
				02EB3AE31B9338B0009A46FA /* main.cpp in Sources */,
			);
			runOnlyForDeploymentPostprocessing = 0;
		};
/* End PBXSourcesBuildPhase section */

/* Begin XCBuildConfiguration section */
		029CF1801B8577CA008AB649 /* Debug */ = {
			isa = XCBuildConfiguration;
			buildSettings = {
				GCC_PREPROCESSOR_DEFINITIONS = (
					"DEBUG=1",
					"$(inherited)",
				);
				LIBRARY_SEARCH_PATHS = (
					"$(inherited)",
					/usr/local/Cellar/opencv/2.4.11_2/lib,
				);
				PRODUCT_NAME = "$(TARGET_NAME)";
			};
			name = Debug;
		};
		029CF1811B8577CA008AB649 /* Release */ = {
			isa = XCBuildConfiguration;
			buildSettings = {
				LIBRARY_SEARCH_PATHS = (
					"$(inherited)",
					/usr/local/Cellar/opencv/2.4.11_2/lib,
				);
				PRODUCT_NAME = "$(TARGET_NAME)";
			};
			name = Release;
		};
		02A072401BB7F7AB0047A6C2 /* Debug */ = {
			isa = XCBuildConfiguration;
			buildSettings = {
				ENABLE_TESTABILITY = YES;
				LIBRARY_SEARCH_PATHS = (
					"$(inherited)",
					/usr/local/Cellar/opencv/2.4.11_2/lib,
				);
				PRODUCT_NAME = "$(TARGET_NAME)";
			};
			name = Debug;
		};
		02A072411BB7F7AB0047A6C2 /* Release */ = {
			isa = XCBuildConfiguration;
			buildSettings = {
				LIBRARY_SEARCH_PATHS = (
					"$(inherited)",
					/usr/local/Cellar/opencv/2.4.11_2/lib,
				);
				PRODUCT_NAME = "$(TARGET_NAME)";
			};
			name = Release;
		};
		02C3CFFD1BDF5DDE00F9573B /* Debug */ = {
			isa = XCBuildConfiguration;
			buildSettings = {
				CODE_SIGN_IDENTITY = "-";
				LIBRARY_SEARCH_PATHS = (
					"$(inherited)",
					/usr/local/Cellar/opencv/2.4.11_2/lib,
				);
				PRODUCT_NAME = "$(TARGET_NAME)";
			};
			name = Debug;
		};
		02C3CFFE1BDF5DDE00F9573B /* Release */ = {
			isa = XCBuildConfiguration;
			buildSettings = {
				CODE_SIGN_IDENTITY = "-";
				LIBRARY_SEARCH_PATHS = (
					"$(inherited)",
					/usr/local/Cellar/opencv/2.4.11_2/lib,
				);
				PRODUCT_NAME = "$(TARGET_NAME)";
			};
			name = Release;
		};
		02E6CED71B82F4C600BF2959 /* Debug */ = {
			isa = XCBuildConfiguration;
			buildSettings = {
				ALWAYS_SEARCH_USER_PATHS = NO;
				CLANG_CXX_LANGUAGE_STANDARD = "gnu++0x";
				CLANG_CXX_LIBRARY = "libc++";
				CLANG_ENABLE_MODULES = YES;
				CLANG_ENABLE_OBJC_ARC = YES;
				CLANG_WARN_BOOL_CONVERSION = YES;
				CLANG_WARN_CONSTANT_CONVERSION = YES;
				CLANG_WARN_DIRECT_OBJC_ISA_USAGE = YES_ERROR;
				CLANG_WARN_EMPTY_BODY = YES;
				CLANG_WARN_ENUM_CONVERSION = YES;
				CLANG_WARN_INT_CONVERSION = YES;
				CLANG_WARN_OBJC_ROOT_CLASS = YES_ERROR;
				CLANG_WARN_UNREACHABLE_CODE = YES;
				CLANG_WARN__DUPLICATE_METHOD_MATCH = YES;
				COPY_PHASE_STRIP = NO;
				DEBUG_INFORMATION_FORMAT = dwarf;
				ENABLE_STRICT_OBJC_MSGSEND = YES;
				ENABLE_TESTABILITY = YES;
				GCC_C_LANGUAGE_STANDARD = gnu99;
				GCC_DYNAMIC_NO_PIC = NO;
				GCC_NO_COMMON_BLOCKS = YES;
				GCC_OPTIMIZATION_LEVEL = 0;
				GCC_PREPROCESSOR_DEFINITIONS = (
					"DEBUG=1",
					"$(inherited)",
				);
				GCC_SYMBOLS_PRIVATE_EXTERN = NO;
				GCC_WARN_64_TO_32_BIT_CONVERSION = YES;
				GCC_WARN_ABOUT_RETURN_TYPE = YES_ERROR;
				GCC_WARN_UNDECLARED_SELECTOR = YES;
				GCC_WARN_UNINITIALIZED_AUTOS = YES_AGGRESSIVE;
				GCC_WARN_UNUSED_FUNCTION = YES;
				GCC_WARN_UNUSED_VARIABLE = YES;
				HEADER_SEARCH_PATHS = (
					"$(inherited)",
					/Applications/Xcode.app/Contents/Developer/Toolchains/XcodeDefault.xctoolchain/usr/include,
					/usr/local/Cellar/opencv/2.4.11_2/include,
				);
				LIBRARY_SEARCH_PATHS = /usr/local/Cellar/opencv/2.4.11_2/lib;
				MACOSX_DEPLOYMENT_TARGET = 10.10;
				MTL_ENABLE_DEBUG_INFO = YES;
				ONLY_ACTIVE_ARCH = YES;
				SDKROOT = macosx;
			};
			name = Debug;
		};
		02E6CED81B82F4C600BF2959 /* Release */ = {
			isa = XCBuildConfiguration;
			buildSettings = {
				ALWAYS_SEARCH_USER_PATHS = NO;
				CLANG_CXX_LANGUAGE_STANDARD = "gnu++0x";
				CLANG_CXX_LIBRARY = "libc++";
				CLANG_ENABLE_MODULES = YES;
				CLANG_ENABLE_OBJC_ARC = YES;
				CLANG_WARN_BOOL_CONVERSION = YES;
				CLANG_WARN_CONSTANT_CONVERSION = YES;
				CLANG_WARN_DIRECT_OBJC_ISA_USAGE = YES_ERROR;
				CLANG_WARN_EMPTY_BODY = YES;
				CLANG_WARN_ENUM_CONVERSION = YES;
				CLANG_WARN_INT_CONVERSION = YES;
				CLANG_WARN_OBJC_ROOT_CLASS = YES_ERROR;
				CLANG_WARN_UNREACHABLE_CODE = YES;
				CLANG_WARN__DUPLICATE_METHOD_MATCH = YES;
				COPY_PHASE_STRIP = NO;
				DEBUG_INFORMATION_FORMAT = "dwarf-with-dsym";
				ENABLE_NS_ASSERTIONS = NO;
				ENABLE_STRICT_OBJC_MSGSEND = YES;
				GCC_C_LANGUAGE_STANDARD = gnu99;
				GCC_NO_COMMON_BLOCKS = YES;
				GCC_WARN_64_TO_32_BIT_CONVERSION = YES;
				GCC_WARN_ABOUT_RETURN_TYPE = YES_ERROR;
				GCC_WARN_UNDECLARED_SELECTOR = YES;
				GCC_WARN_UNINITIALIZED_AUTOS = YES_AGGRESSIVE;
				GCC_WARN_UNUSED_FUNCTION = YES;
				GCC_WARN_UNUSED_VARIABLE = YES;
				HEADER_SEARCH_PATHS = (
					"$(inherited)",
					/Applications/Xcode.app/Contents/Developer/Toolchains/XcodeDefault.xctoolchain/usr/include,
					/usr/local/Cellar/opencv/2.4.11_2/include,
				);
				LIBRARY_SEARCH_PATHS = /usr/local/Cellar/opencv/2.4.11_2/lib;
				MACOSX_DEPLOYMENT_TARGET = 10.10;
				MTL_ENABLE_DEBUG_INFO = NO;
				SDKROOT = macosx;
			};
			name = Release;
		};
		02E6CEDA1B82F4C600BF2959 /* Debug */ = {
			isa = XCBuildConfiguration;
			buildSettings = {
				HEADER_SEARCH_PATHS = (
					"$(inherited)",
					/Applications/Xcode.app/Contents/Developer/Toolchains/XcodeDefault.xctoolchain/usr/include,
					/usr/local/Cellar/opencv/2.4.11_2/include,
					/usr/local/Cellar/boost/1.58.0/include,
				);
				LIBRARY_SEARCH_PATHS = (
					"$(inherited)",
					/usr/local/Cellar/opencv/2.4.11_2/lib,
					/usr/local/Cellar/boost/1.58.0/lib,
				);
				PRODUCT_NAME = "$(TARGET_NAME)";
			};
			name = Debug;
		};
		02E6CEDB1B82F4C600BF2959 /* Release */ = {
			isa = XCBuildConfiguration;
			buildSettings = {
				HEADER_SEARCH_PATHS = (
					"$(inherited)",
					/Applications/Xcode.app/Contents/Developer/Toolchains/XcodeDefault.xctoolchain/usr/include,
					/usr/local/Cellar/opencv/2.4.11_2/include,
					/usr/local/Cellar/boost/1.58.0/include,
				);
				LIBRARY_SEARCH_PATHS = (
					"$(inherited)",
					/usr/local/Cellar/opencv/2.4.11_2/lib,
					/usr/local/Cellar/boost/1.58.0/lib,
				);
				PRODUCT_NAME = "$(TARGET_NAME)";
			};
			name = Release;
		};
		02E6CEED1B82FEF400BF2959 /* Debug */ = {
			isa = XCBuildConfiguration;
			buildSettings = {
				GCC_PREPROCESSOR_DEFINITIONS = (
					"DEBUG=1",
					"$(inherited)",
				);
				LIBRARY_SEARCH_PATHS = (
					"$(inherited)",
					/usr/local/Cellar/opencv/2.4.11_2/lib,
				);
				PRODUCT_NAME = "$(TARGET_NAME)";
			};
			name = Debug;
		};
		02E6CEEE1B82FEF400BF2959 /* Release */ = {
			isa = XCBuildConfiguration;
			buildSettings = {
				LIBRARY_SEARCH_PATHS = (
					"$(inherited)",
					/usr/local/Cellar/opencv/2.4.11_2/lib,
				);
				PRODUCT_NAME = "$(TARGET_NAME)";
			};
			name = Release;
		};
		02E6CEFC1B830C3100BF2959 /* Debug */ = {
			isa = XCBuildConfiguration;
			buildSettings = {
				GCC_PREPROCESSOR_DEFINITIONS = (
					"DEBUG=1",
					"$(inherited)",
				);
				LIBRARY_SEARCH_PATHS = (
					"$(inherited)",
					/usr/local/Cellar/opencv/2.4.11_2/lib,
				);
				PRODUCT_NAME = "$(TARGET_NAME)";
			};
			name = Debug;
		};
		02E6CEFD1B830C3100BF2959 /* Release */ = {
			isa = XCBuildConfiguration;
			buildSettings = {
				LIBRARY_SEARCH_PATHS = (
					"$(inherited)",
					/usr/local/Cellar/opencv/2.4.11_2/lib,
				);
				PRODUCT_NAME = "$(TARGET_NAME)";
			};
			name = Release;
		};
		02EB3AE51B9338B0009A46FA /* Debug */ = {
			isa = XCBuildConfiguration;
			buildSettings = {
				GCC_PREPROCESSOR_DEFINITIONS = (
					"DEBUG=1",
					"$(inherited)",
				);
				LIBRARY_SEARCH_PATHS = (
					"$(inherited)",
					/usr/local/Cellar/opencv/2.4.11_2/lib,
				);
				PRODUCT_NAME = "$(TARGET_NAME)";
			};
			name = Debug;
		};
		02EB3AE61B9338B0009A46FA /* Release */ = {
			isa = XCBuildConfiguration;
			buildSettings = {
				LIBRARY_SEARCH_PATHS = (
					"$(inherited)",
					/usr/local/Cellar/opencv/2.4.11_2/lib,
				);
				PRODUCT_NAME = "$(TARGET_NAME)";
			};
			name = Release;
		};
/* End XCBuildConfiguration section */

/* Begin XCConfigurationList section */
		029CF1821B8577CA008AB649 /* Build configuration list for PBXNativeTarget "ShowOpticalFlowMovie" */ = {
			isa = XCConfigurationList;
			buildConfigurations = (
				029CF1801B8577CA008AB649 /* Debug */,
				029CF1811B8577CA008AB649 /* Release */,
			);
			defaultConfigurationIsVisible = 0;
			defaultConfigurationName = Release;
		};
		02A072421BB7F7AB0047A6C2 /* Build configuration list for PBXNativeTarget "CalibrationTest" */ = {
			isa = XCConfigurationList;
			buildConfigurations = (
				02A072401BB7F7AB0047A6C2 /* Debug */,
				02A072411BB7F7AB0047A6C2 /* Release */,
			);
			defaultConfigurationIsVisible = 0;
			defaultConfigurationName = Release;
		};
		02C3CFFF1BDF5DDE00F9573B /* Build configuration list for PBXNativeTarget "Test" */ = {
			isa = XCConfigurationList;
			buildConfigurations = (
				02C3CFFD1BDF5DDE00F9573B /* Debug */,
				02C3CFFE1BDF5DDE00F9573B /* Release */,
			);
			defaultConfigurationIsVisible = 0;
			defaultConfigurationName = Release;
		};
		02E6CECD1B82F4C600BF2959 /* Build configuration list for PBXProject "AxisOfRotation" */ = {
			isa = XCConfigurationList;
			buildConfigurations = (
				02E6CED71B82F4C600BF2959 /* Debug */,
				02E6CED81B82F4C600BF2959 /* Release */,
			);
			defaultConfigurationIsVisible = 0;
			defaultConfigurationName = Release;
		};
		02E6CED91B82F4C600BF2959 /* Build configuration list for PBXNativeTarget "AxisOfRotation" */ = {
			isa = XCConfigurationList;
			buildConfigurations = (
				02E6CEDA1B82F4C600BF2959 /* Debug */,
				02E6CEDB1B82F4C600BF2959 /* Release */,
			);
			defaultConfigurationIsVisible = 0;
			defaultConfigurationName = Release;
		};
		02E6CEEC1B82FEF400BF2959 /* Build configuration list for PBXNativeTarget "ShowOpticalFlowImage" */ = {
			isa = XCConfigurationList;
			buildConfigurations = (
				02E6CEED1B82FEF400BF2959 /* Debug */,
				02E6CEEE1B82FEF400BF2959 /* Release */,
			);
			defaultConfigurationIsVisible = 0;
			defaultConfigurationName = Release;
		};
		02E6CEFB1B830C3100BF2959 /* Build configuration list for PBXNativeTarget "CaptureImage" */ = {
			isa = XCConfigurationList;
			buildConfigurations = (
				02E6CEFC1B830C3100BF2959 /* Debug */,
				02E6CEFD1B830C3100BF2959 /* Release */,
			);
			defaultConfigurationIsVisible = 0;
			defaultConfigurationName = Release;
		};
		02EB3AE41B9338B0009A46FA /* Build configuration list for PBXNativeTarget "ShowCalibratedOpticalFlow" */ = {
			isa = XCConfigurationList;
			buildConfigurations = (
				02EB3AE51B9338B0009A46FA /* Debug */,
				02EB3AE61B9338B0009A46FA /* Release */,
			);
			defaultConfigurationIsVisible = 0;
			defaultConfigurationName = Release;
		};
/* End XCConfigurationList section */
	};
	rootObject = 02E6CECA1B82F4C600BF2959 /* Project object */;
}
